// !$*UTF8*$!
{
	archiveVersion = 1;
	classes = {
	};
	objectVersion = 56;
	objects = {

/* Begin PBXBuildFile section */
		14066D832B6BF9E400CFD485 /* AppDelegate.swift in Sources */ = {isa = PBXBuildFile; fileRef = 14066D822B6BF9E400CFD485 /* AppDelegate.swift */; };
		14066D852B6BF9E400CFD485 /* SceneDelegate.swift in Sources */ = {isa = PBXBuildFile; fileRef = 14066D842B6BF9E400CFD485 /* SceneDelegate.swift */; };
		14066D872B6BF9E400CFD485 /* DetailViewController.swift in Sources */ = {isa = PBXBuildFile; fileRef = 14066D862B6BF9E400CFD485 /* DetailViewController.swift */; };
		14066D8A2B6BF9E400CFD485 /* Main.storyboard in Resources */ = {isa = PBXBuildFile; fileRef = 14066D882B6BF9E400CFD485 /* Main.storyboard */; };
		14066D8C2B6BF9E700CFD485 /* Assets.xcassets in Resources */ = {isa = PBXBuildFile; fileRef = 14066D8B2B6BF9E700CFD485 /* Assets.xcassets */; };
		14066D8F2B6BF9E700CFD485 /* LaunchScreen.storyboard in Resources */ = {isa = PBXBuildFile; fileRef = 14066D8D2B6BF9E700CFD485 /* LaunchScreen.storyboard */; };
		14066D972B6BFA0100CFD485 /* Fruit.swift in Sources */ = {isa = PBXBuildFile; fileRef = 14066D962B6BFA0100CFD485 /* Fruit.swift */; };
		14066D992B6CCE7500CFD485 /* MainViewController.swift in Sources */ = {isa = PBXBuildFile; fileRef = 14066D982B6CCE7500CFD485 /* MainViewController.swift */; };
		14066D9B2B6CD86B00CFD485 /* UserActionCell.swift in Sources */ = {isa = PBXBuildFile; fileRef = 14066D9A2B6CD86B00CFD485 /* UserActionCell.swift */; };
		14066D9E2B6E303200CFD485 /* NetworkManager.swift in Sources */ = {isa = PBXBuildFile; fileRef = 14066D9D2B6E303200CFD485 /* NetworkManager.swift */; };
		14066DA62B7222A900CFD485 /* Alamofire in Frameworks */ = {isa = PBXBuildFile; productRef = 14066DA52B7222A900CFD485 /* Alamofire */; };
/* End PBXBuildFile section */

/* Begin PBXFileReference section */
		14066D7F2B6BF9E400CFD485 /* AboutFruitsApp.app */ = {isa = PBXFileReference; explicitFileType = wrapper.application; includeInIndex = 0; path = AboutFruitsApp.app; sourceTree = BUILT_PRODUCTS_DIR; };
		14066D822B6BF9E400CFD485 /* AppDelegate.swift */ = {isa = PBXFileReference; lastKnownFileType = sourcecode.swift; path = AppDelegate.swift; sourceTree = "<group>"; };
		14066D842B6BF9E400CFD485 /* SceneDelegate.swift */ = {isa = PBXFileReference; lastKnownFileType = sourcecode.swift; path = SceneDelegate.swift; sourceTree = "<group>"; };
		14066D862B6BF9E400CFD485 /* DetailViewController.swift */ = {isa = PBXFileReference; lastKnownFileType = sourcecode.swift; path = DetailViewController.swift; sourceTree = "<group>"; };
		14066D892B6BF9E400CFD485 /* Base */ = {isa = PBXFileReference; lastKnownFileType = file.storyboard; name = Base; path = Base.lproj/Main.storyboard; sourceTree = "<group>"; };
		14066D8B2B6BF9E700CFD485 /* Assets.xcassets */ = {isa = PBXFileReference; lastKnownFileType = folder.assetcatalog; path = Assets.xcassets; sourceTree = "<group>"; };
		14066D8E2B6BF9E700CFD485 /* Base */ = {isa = PBXFileReference; lastKnownFileType = file.storyboard; name = Base; path = Base.lproj/LaunchScreen.storyboard; sourceTree = "<group>"; };
		14066D902B6BF9E700CFD485 /* Info.plist */ = {isa = PBXFileReference; lastKnownFileType = text.plist.xml; path = Info.plist; sourceTree = "<group>"; };
		14066D962B6BFA0100CFD485 /* Fruit.swift */ = {isa = PBXFileReference; lastKnownFileType = sourcecode.swift; path = Fruit.swift; sourceTree = "<group>"; };
		14066D982B6CCE7500CFD485 /* MainViewController.swift */ = {isa = PBXFileReference; lastKnownFileType = sourcecode.swift; path = MainViewController.swift; sourceTree = "<group>"; };
		14066D9A2B6CD86B00CFD485 /* UserActionCell.swift */ = {isa = PBXFileReference; lastKnownFileType = sourcecode.swift; path = UserActionCell.swift; sourceTree = "<group>"; };
		14066D9D2B6E303200CFD485 /* NetworkManager.swift */ = {isa = PBXFileReference; lastKnownFileType = sourcecode.swift; path = NetworkManager.swift; sourceTree = "<group>"; };
/* End PBXFileReference section */

/* Begin PBXFrameworksBuildPhase section */
		14066D7C2B6BF9E400CFD485 /* Frameworks */ = {
			isa = PBXFrameworksBuildPhase;
			buildActionMask = 2147483647;
			files = (
				14066DA62B7222A900CFD485 /* Alamofire in Frameworks */,
			);
			runOnlyForDeploymentPostprocessing = 0;
		};
/* End PBXFrameworksBuildPhase section */

/* Begin PBXGroup section */
		14066D762B6BF9E400CFD485 = {
			isa = PBXGroup;
			children = (
				14066D812B6BF9E400CFD485 /* AboutFruitsApp */,
				14066D802B6BF9E400CFD485 /* Products */,
			);
			sourceTree = "<group>";
		};
		14066D802B6BF9E400CFD485 /* Products */ = {
			isa = PBXGroup;
			children = (
				14066D7F2B6BF9E400CFD485 /* AboutFruitsApp.app */,
			);
			name = Products;
			sourceTree = "<group>";
		};
		14066D812B6BF9E400CFD485 /* AboutFruitsApp */ = {
			isa = PBXGroup;
			children = (
				14066D9F2B72174400CFD485 /* Models */,
				14066DA02B72176600CFD485 /* ViewControllers */,
				14066DA22B72182100CFD485 /* Views */,
				14066D9C2B6E300F00CFD485 /* Services */,
				14066DA12B72178E00CFD485 /* StoryBoards */,
				14066DA32B72188E00CFD485 /* App */,
				14066D8B2B6BF9E700CFD485 /* Assets.xcassets */,
			);
			path = AboutFruitsApp;
			sourceTree = "<group>";
		};
		14066D9C2B6E300F00CFD485 /* Services */ = {
			isa = PBXGroup;
			children = (
				14066D9D2B6E303200CFD485 /* NetworkManager.swift */,
			);
			path = Services;
			sourceTree = "<group>";
		};
		14066D9F2B72174400CFD485 /* Models */ = {
			isa = PBXGroup;
			children = (
				14066D962B6BFA0100CFD485 /* Fruit.swift */,
			);
			path = Models;
			sourceTree = "<group>";
		};
		14066DA02B72176600CFD485 /* ViewControllers */ = {
			isa = PBXGroup;
			children = (
				14066D982B6CCE7500CFD485 /* MainViewController.swift */,
				14066D862B6BF9E400CFD485 /* DetailViewController.swift */,
			);
			path = ViewControllers;
			sourceTree = "<group>";
		};
		14066DA12B72178E00CFD485 /* StoryBoards */ = {
			isa = PBXGroup;
			children = (
				14066D8D2B6BF9E700CFD485 /* LaunchScreen.storyboard */,
				14066D882B6BF9E400CFD485 /* Main.storyboard */,
			);
			path = StoryBoards;
			sourceTree = "<group>";
		};
		14066DA22B72182100CFD485 /* Views */ = {
			isa = PBXGroup;
			children = (
				14066D9A2B6CD86B00CFD485 /* UserActionCell.swift */,
			);
			path = Views;
			sourceTree = "<group>";
		};
		14066DA32B72188E00CFD485 /* App */ = {
			isa = PBXGroup;
			children = (
				14066D902B6BF9E700CFD485 /* Info.plist */,
				14066D822B6BF9E400CFD485 /* AppDelegate.swift */,
				14066D842B6BF9E400CFD485 /* SceneDelegate.swift */,
			);
			path = App;
			sourceTree = "<group>";
		};
/* End PBXGroup section */

/* Begin PBXNativeTarget section */
		14066D7E2B6BF9E400CFD485 /* AboutFruitsApp */ = {
			isa = PBXNativeTarget;
			buildConfigurationList = 14066D932B6BF9E700CFD485 /* Build configuration list for PBXNativeTarget "AboutFruitsApp" */;
			buildPhases = (
				14066D7B2B6BF9E400CFD485 /* Sources */,
				14066D7C2B6BF9E400CFD485 /* Frameworks */,
				14066D7D2B6BF9E400CFD485 /* Resources */,
			);
			buildRules = (
			);
			dependencies = (
			);
			name = AboutFruitsApp;
			packageProductDependencies = (
				14066DA52B7222A900CFD485 /* Alamofire */,
			);
			productName = AboutFruitsApp;
			productReference = 14066D7F2B6BF9E400CFD485 /* AboutFruitsApp.app */;
			productType = "com.apple.product-type.application";
		};
/* End PBXNativeTarget section */

/* Begin PBXProject section */
		14066D772B6BF9E400CFD485 /* Project object */ = {
			isa = PBXProject;
			attributes = {
				BuildIndependentTargetsInParallel = 1;
				LastSwiftUpdateCheck = 1520;
				LastUpgradeCheck = 1520;
				TargetAttributes = {
					14066D7E2B6BF9E400CFD485 = {
						CreatedOnToolsVersion = 15.2;
					};
				};
			};
			buildConfigurationList = 14066D7A2B6BF9E400CFD485 /* Build configuration list for PBXProject "AboutFruitsApp" */;
			compatibilityVersion = "Xcode 14.0";
			developmentRegion = en;
			hasScannedForEncodings = 0;
			knownRegions = (
				en,
				Base,
			);
			mainGroup = 14066D762B6BF9E400CFD485;
			packageReferences = (
				14066DA42B7222A900CFD485 /* XCRemoteSwiftPackageReference "Alamofire" */,
			);
			productRefGroup = 14066D802B6BF9E400CFD485 /* Products */;
			projectDirPath = "";
			projectRoot = "";
			targets = (
				14066D7E2B6BF9E400CFD485 /* AboutFruitsApp */,
			);
		};
/* End PBXProject section */

/* Begin PBXResourcesBuildPhase section */
		14066D7D2B6BF9E400CFD485 /* Resources */ = {
			isa = PBXResourcesBuildPhase;
			buildActionMask = 2147483647;
			files = (
				14066D8F2B6BF9E700CFD485 /* LaunchScreen.storyboard in Resources */,
				14066D8C2B6BF9E700CFD485 /* Assets.xcassets in Resources */,
				14066D8A2B6BF9E400CFD485 /* Main.storyboard in Resources */,
			);
			runOnlyForDeploymentPostprocessing = 0;
		};
/* End PBXResourcesBuildPhase section */

/* Begin PBXSourcesBuildPhase section */
		14066D7B2B6BF9E400CFD485 /* Sources */ = {
			isa = PBXSourcesBuildPhase;
			buildActionMask = 2147483647;
			files = (
				14066D872B6BF9E400CFD485 /* DetailViewController.swift in Sources */,
				14066D832B6BF9E400CFD485 /* AppDelegate.swift in Sources */,
				14066D9B2B6CD86B00CFD485 /* UserActionCell.swift in Sources */,
				14066D9E2B6E303200CFD485 /* NetworkManager.swift in Sources */,
				14066D852B6BF9E400CFD485 /* SceneDelegate.swift in Sources */,
				14066D972B6BFA0100CFD485 /* Fruit.swift in Sources */,
				14066D992B6CCE7500CFD485 /* MainViewController.swift in Sources */,
			);
			runOnlyForDeploymentPostprocessing = 0;
		};
/* End PBXSourcesBuildPhase section */

/* Begin PBXVariantGroup section */
		14066D882B6BF9E400CFD485 /* Main.storyboard */ = {
			isa = PBXVariantGroup;
			children = (
				14066D892B6BF9E400CFD485 /* Base */,
			);
			name = Main.storyboard;
			sourceTree = "<group>";
		};
		14066D8D2B6BF9E700CFD485 /* LaunchScreen.storyboard */ = {
			isa = PBXVariantGroup;
			children = (
				14066D8E2B6BF9E700CFD485 /* Base */,
			);
			name = LaunchScreen.storyboard;
			sourceTree = "<group>";
		};
/* End PBXVariantGroup section */

/* Begin XCBuildConfiguration section */
		14066D912B6BF9E700CFD485 /* Debug */ = {
			isa = XCBuildConfiguration;
			buildSettings = {
				ALWAYS_SEARCH_USER_PATHS = NO;
				ASSETCATALOG_COMPILER_GENERATE_SWIFT_ASSET_SYMBOL_EXTENSIONS = YES;
				CLANG_ANALYZER_NONNULL = YES;
				CLANG_ANALYZER_NUMBER_OBJECT_CONVERSION = YES_AGGRESSIVE;
				CLANG_CXX_LANGUAGE_STANDARD = "gnu++20";
				CLANG_ENABLE_MODULES = YES;
				CLANG_ENABLE_OBJC_ARC = YES;
				CLANG_ENABLE_OBJC_WEAK = YES;
				CLANG_WARN_BLOCK_CAPTURE_AUTORELEASING = YES;
				CLANG_WARN_BOOL_CONVERSION = YES;
				CLANG_WARN_COMMA = YES;
				CLANG_WARN_CONSTANT_CONVERSION = YES;
				CLANG_WARN_DEPRECATED_OBJC_IMPLEMENTATIONS = YES;
				CLANG_WARN_DIRECT_OBJC_ISA_USAGE = YES_ERROR;
				CLANG_WARN_DOCUMENTATION_COMMENTS = YES;
				CLANG_WARN_EMPTY_BODY = YES;
				CLANG_WARN_ENUM_CONVERSION = YES;
				CLANG_WARN_INFINITE_RECURSION = YES;
				CLANG_WARN_INT_CONVERSION = YES;
				CLANG_WARN_NON_LITERAL_NULL_CONVERSION = YES;
				CLANG_WARN_OBJC_IMPLICIT_RETAIN_SELF = YES;
				CLANG_WARN_OBJC_LITERAL_CONVERSION = YES;
				CLANG_WARN_OBJC_ROOT_CLASS = YES_ERROR;
				CLANG_WARN_QUOTED_INCLUDE_IN_FRAMEWORK_HEADER = YES;
				CLANG_WARN_RANGE_LOOP_ANALYSIS = YES;
				CLANG_WARN_STRICT_PROTOTYPES = YES;
				CLANG_WARN_SUSPICIOUS_MOVE = YES;
				CLANG_WARN_UNGUARDED_AVAILABILITY = YES_AGGRESSIVE;
				CLANG_WARN_UNREACHABLE_CODE = YES;
				CLANG_WARN__DUPLICATE_METHOD_MATCH = YES;
				COPY_PHASE_STRIP = NO;
				DEBUG_INFORMATION_FORMAT = dwarf;
				ENABLE_STRICT_OBJC_MSGSEND = YES;
				ENABLE_TESTABILITY = YES;
				ENABLE_USER_SCRIPT_SANDBOXING = YES;
				GCC_C_LANGUAGE_STANDARD = gnu17;
				GCC_DYNAMIC_NO_PIC = NO;
				GCC_NO_COMMON_BLOCKS = YES;
				GCC_OPTIMIZATION_LEVEL = 0;
				GCC_PREPROCESSOR_DEFINITIONS = (
					"DEBUG=1",
					"$(inherited)",
				);
				GCC_WARN_64_TO_32_BIT_CONVERSION = YES;
				GCC_WARN_ABOUT_RETURN_TYPE = YES_ERROR;
				GCC_WARN_UNDECLARED_SELECTOR = YES;
				GCC_WARN_UNINITIALIZED_AUTOS = YES_AGGRESSIVE;
				GCC_WARN_UNUSED_FUNCTION = YES;
				GCC_WARN_UNUSED_VARIABLE = YES;
				IPHONEOS_DEPLOYMENT_TARGET = 17.2;
				LOCALIZATION_PREFERS_STRING_CATALOGS = YES;
				MTL_ENABLE_DEBUG_INFO = INCLUDE_SOURCE;
				MTL_FAST_MATH = YES;
				ONLY_ACTIVE_ARCH = YES;
				SDKROOT = iphoneos;
				SWIFT_ACTIVE_COMPILATION_CONDITIONS = "DEBUG $(inherited)";
				SWIFT_OPTIMIZATION_LEVEL = "-Onone";
			};
			name = Debug;
		};
		14066D922B6BF9E700CFD485 /* Release */ = {
			isa = XCBuildConfiguration;
			buildSettings = {
				ALWAYS_SEARCH_USER_PATHS = NO;
				ASSETCATALOG_COMPILER_GENERATE_SWIFT_ASSET_SYMBOL_EXTENSIONS = YES;
				CLANG_ANALYZER_NONNULL = YES;
				CLANG_ANALYZER_NUMBER_OBJECT_CONVERSION = YES_AGGRESSIVE;
				CLANG_CXX_LANGUAGE_STANDARD = "gnu++20";
				CLANG_ENABLE_MODULES = YES;
				CLANG_ENABLE_OBJC_ARC = YES;
				CLANG_ENABLE_OBJC_WEAK = YES;
				CLANG_WARN_BLOCK_CAPTURE_AUTORELEASING = YES;
				CLANG_WARN_BOOL_CONVERSION = YES;
				CLANG_WARN_COMMA = YES;
				CLANG_WARN_CONSTANT_CONVERSION = YES;
				CLANG_WARN_DEPRECATED_OBJC_IMPLEMENTATIONS = YES;
				CLANG_WARN_DIRECT_OBJC_ISA_USAGE = YES_ERROR;
				CLANG_WARN_DOCUMENTATION_COMMENTS = YES;
				CLANG_WARN_EMPTY_BODY = YES;
				CLANG_WARN_ENUM_CONVERSION = YES;
				CLANG_WARN_INFINITE_RECURSION = YES;
				CLANG_WARN_INT_CONVERSION = YES;
				CLANG_WARN_NON_LITERAL_NULL_CONVERSION = YES;
				CLANG_WARN_OBJC_IMPLICIT_RETAIN_SELF = YES;
				CLANG_WARN_OBJC_LITERAL_CONVERSION = YES;
				CLANG_WARN_OBJC_ROOT_CLASS = YES_ERROR;
				CLANG_WARN_QUOTED_INCLUDE_IN_FRAMEWORK_HEADER = YES;
				CLANG_WARN_RANGE_LOOP_ANALYSIS = YES;
				CLANG_WARN_STRICT_PROTOTYPES = YES;
				CLANG_WARN_SUSPICIOUS_MOVE = YES;
				CLANG_WARN_UNGUARDED_AVAILABILITY = YES_AGGRESSIVE;
				CLANG_WARN_UNREACHABLE_CODE = YES;
				CLANG_WARN__DUPLICATE_METHOD_MATCH = YES;
				COPY_PHASE_STRIP = NO;
				DEBUG_INFORMATION_FORMAT = "dwarf-with-dsym";
				ENABLE_NS_ASSERTIONS = NO;
				ENABLE_STRICT_OBJC_MSGSEND = YES;
				ENABLE_USER_SCRIPT_SANDBOXING = YES;
				GCC_C_LANGUAGE_STANDARD = gnu17;
				GCC_NO_COMMON_BLOCKS = YES;
				GCC_WARN_64_TO_32_BIT_CONVERSION = YES;
				GCC_WARN_ABOUT_RETURN_TYPE = YES_ERROR;
				GCC_WARN_UNDECLARED_SELECTOR = YES;
				GCC_WARN_UNINITIALIZED_AUTOS = YES_AGGRESSIVE;
				GCC_WARN_UNUSED_FUNCTION = YES;
				GCC_WARN_UNUSED_VARIABLE = YES;
				IPHONEOS_DEPLOYMENT_TARGET = 17.2;
				LOCALIZATION_PREFERS_STRING_CATALOGS = YES;
				MTL_ENABLE_DEBUG_INFO = NO;
				MTL_FAST_MATH = YES;
				SDKROOT = iphoneos;
				SWIFT_COMPILATION_MODE = wholemodule;
				VALIDATE_PRODUCT = YES;
			};
			name = Release;
		};
		14066D942B6BF9E700CFD485 /* Debug */ = {
			isa = XCBuildConfiguration;
			buildSettings = {
				ASSETCATALOG_COMPILER_APPICON_NAME = AppIcon;
				ASSETCATALOG_COMPILER_GLOBAL_ACCENT_COLOR_NAME = AccentColor;
				CODE_SIGN_STYLE = Automatic;
				CURRENT_PROJECT_VERSION = 1;
				GENERATE_INFOPLIST_FILE = YES;
				INFOPLIST_FILE = AboutFruitsApp/App/Info.plist;
				INFOPLIST_KEY_UIApplicationSupportsIndirectInputEvents = YES;
				INFOPLIST_KEY_UILaunchStoryboardName = LaunchScreen;
				INFOPLIST_KEY_UIMainStoryboardFile = Main;
				INFOPLIST_KEY_UISupportedInterfaceOrientations = UIInterfaceOrientationPortrait;
				INFOPLIST_KEY_UISupportedInterfaceOrientations_iPad = "UIInterfaceOrientationLandscapeLeft UIInterfaceOrientationLandscapeRight UIInterfaceOrientationPortrait UIInterfaceOrientationPortraitUpsideDown";
				LD_RUNPATH_SEARCH_PATHS = (
					"$(inherited)",
					"@executable_path/Frameworks",
				);
				MARKETING_VERSION = 1.0;
				PRODUCT_BUNDLE_IDENTIFIER = ta.tiana.AboutFruitsApp;
				PRODUCT_NAME = "$(TARGET_NAME)";
				SUPPORTED_PLATFORMS = "iphoneos iphonesimulator";
				SUPPORTS_MACCATALYST = NO;
				SUPPORTS_MAC_DESIGNED_FOR_IPHONE_IPAD = NO;
				SUPPORTS_XR_DESIGNED_FOR_IPHONE_IPAD = NO;
				SWIFT_EMIT_LOC_STRINGS = YES;
				SWIFT_VERSION = 5.0;
				TARGETED_DEVICE_FAMILY = 1;
			};
			name = Debug;
		};
		14066D952B6BF9E700CFD485 /* Release */ = {
			isa = XCBuildConfiguration;
			buildSettings = {
				ASSETCATALOG_COMPILER_APPICON_NAME = AppIcon;
				ASSETCATALOG_COMPILER_GLOBAL_ACCENT_COLOR_NAME = AccentColor;
				CODE_SIGN_STYLE = Automatic;
				CURRENT_PROJECT_VERSION = 1;
				GENERATE_INFOPLIST_FILE = YES;
				INFOPLIST_FILE = AboutFruitsApp/App/Info.plist;
				INFOPLIST_KEY_UIApplicationSupportsIndirectInputEvents = YES;
				INFOPLIST_KEY_UILaunchStoryboardName = LaunchScreen;
				INFOPLIST_KEY_UIMainStoryboardFile = Main;
				INFOPLIST_KEY_UISupportedInterfaceOrientations = UIInterfaceOrientationPortrait;
				INFOPLIST_KEY_UISupportedInterfaceOrientations_iPad = "UIInterfaceOrientationLandscapeLeft UIInterfaceOrientationLandscapeRight UIInterfaceOrientationPortrait UIInterfaceOrientationPortraitUpsideDown";
				LD_RUNPATH_SEARCH_PATHS = (
					"$(inherited)",
					"@executable_path/Frameworks",
				);
				MARKETING_VERSION = 1.0;
				PRODUCT_BUNDLE_IDENTIFIER = ta.tiana.AboutFruitsApp;
				PRODUCT_NAME = "$(TARGET_NAME)";
				SUPPORTED_PLATFORMS = "iphoneos iphonesimulator";
				SUPPORTS_MACCATALYST = NO;
				SUPPORTS_MAC_DESIGNED_FOR_IPHONE_IPAD = NO;
				SUPPORTS_XR_DESIGNED_FOR_IPHONE_IPAD = NO;
				SWIFT_EMIT_LOC_STRINGS = YES;
				SWIFT_VERSION = 5.0;
				TARGETED_DEVICE_FAMILY = 1;
			};
			name = Release;
		};
/* End XCBuildConfiguration section */

/* Begin XCConfigurationList section */
		14066D7A2B6BF9E400CFD485 /* Build configuration list for PBXProject "AboutFruitsApp" */ = {
			isa = XCConfigurationList;
			buildConfigurations = (
				14066D912B6BF9E700CFD485 /* Debug */,
				14066D922B6BF9E700CFD485 /* Release */,
			);
			defaultConfigurationIsVisible = 0;
			defaultConfigurationName = Release;
		};
		14066D932B6BF9E700CFD485 /* Build configuration list for PBXNativeTarget "AboutFruitsApp" */ = {
			isa = XCConfigurationList;
			buildConfigurations = (
				14066D942B6BF9E700CFD485 /* Debug */,
				14066D952B6BF9E700CFD485 /* Release */,
			);
			defaultConfigurationIsVisible = 0;
			defaultConfigurationName = Release;
		};
/* End XCConfigurationList section */

/* Begin XCRemoteSwiftPackageReference section */
		14066DA42B7222A900CFD485 /* XCRemoteSwiftPackageReference "Alamofire" */ = {
			isa = XCRemoteSwiftPackageReference;
			repositoryURL = "https://github.com/Alamofire/Alamofire.git";
			requirement = {
				kind = exactVersion;
				version = 5.0.0;
			};
		};
/* End XCRemoteSwiftPackageReference section */

/* Begin XCSwiftPackageProductDependency section */
		14066DA52B7222A900CFD485 /* Alamofire */ = {
			isa = XCSwiftPackageProductDependency;
			package = 14066DA42B7222A900CFD485 /* XCRemoteSwiftPackageReference "Alamofire" */;
			productName = Alamofire;
		};
/* End XCSwiftPackageProductDependency section */
	};
	rootObject = 14066D772B6BF9E400CFD485 /* Project object */;
}
